// !$*UTF8*$!
{
	archiveVersion = 1;
	classes = {
	};
	objectVersion = 46;
	objects = {

/* Begin PBXBuildFile section */
		7D6265161AC664250075F1B6 /* Images.xcassets in Resources */ = {isa = PBXBuildFile; fileRef = 7D6265151AC664250075F1B6 /* Images.xcassets */; };
		7D6265251AC664250075F1B6 /* ____Tests.m in Sources */ = {isa = PBXBuildFile; fileRef = 7D6265241AC664250075F1B6 /* ____Tests.m */; };
		7D672EB71AC77B90004B5B4C /* JHNavigationController.m in Sources */ = {isa = PBXBuildFile; fileRef = 7D672EB61AC77B90004B5B4C /* JHNavigationController.m */; };
		7D672EBA1AC78608004B5B4C /* UIBarButtonItem+Extension.m in Sources */ = {isa = PBXBuildFile; fileRef = 7D672EB91AC78608004B5B4C /* UIBarButtonItem+Extension.m */; };
		7D672EBD1AC7871C004B5B4C /* UIView+Extension.m in Sources */ = {isa = PBXBuildFile; fileRef = 7D672EBC1AC7871C004B5B4C /* UIView+Extension.m */; };
		7DC4544A1AC68CE900ED9410 /* AppDelegate.m in Sources */ = {isa = PBXBuildFile; fileRef = 7DC4543D1AC68CE900ED9410 /* AppDelegate.m */; };
		7DC4544B1AC68CE900ED9410 /* main.m in Sources */ = {isa = PBXBuildFile; fileRef = 7DC4543E1AC68CE900ED9410 /* main.m */; };
		7DC454501AC68EF200ED9410 /* JHTabBarViewController.m in Sources */ = {isa = PBXBuildFile; fileRef = 7DC4544F1AC68EF200ED9410 /* JHTabBarViewController.m */; };
		7DC454531AC68F5F00ED9410 /* JHDiscoverViewController.m in Sources */ = {isa = PBXBuildFile; fileRef = 7DC454521AC68F5F00ED9410 /* JHDiscoverViewController.m */; };
		7DC454561AC68F8600ED9410 /* JHHomeViewController.m in Sources */ = {isa = PBXBuildFile; fileRef = 7DC454551AC68F8600ED9410 /* JHHomeViewController.m */; };
		7DC454591AC68FBE00ED9410 /* JHMessageViewController.m in Sources */ = {isa = PBXBuildFile; fileRef = 7DC454581AC68FBE00ED9410 /* JHMessageViewController.m */; };
		7DC4545C1AC68FDF00ED9410 /* JHProfileViewController.m in Sources */ = {isa = PBXBuildFile; fileRef = 7DC4545B1AC68FDF00ED9410 /* JHProfileViewController.m */; };
		7DC454631AC69F7D00ED9410 /* UIImage+Extension.m in Sources */ = {isa = PBXBuildFile; fileRef = 7DC454621AC69F7D00ED9410 /* UIImage+Extension.m */; };
		7DC932D91AC913850025291B /* JHSearchBar.m in Sources */ = {isa = PBXBuildFile; fileRef = 7DC932D81AC913850025291B /* JHSearchBar.m */; };
/* End PBXBuildFile section */

/* Begin PBXContainerItemProxy section */
		7D62651F1AC664250075F1B6 /* PBXContainerItemProxy */ = {
			isa = PBXContainerItemProxy;
			containerPortal = 7D6264FD1AC664240075F1B6 /* Project object */;
			proxyType = 1;
			remoteGlobalIDString = 7D6265041AC664240075F1B6;
			remoteInfo = "黑马微博";
		};
/* End PBXContainerItemProxy section */

/* Begin PBXFileReference section */
		7D6265051AC664240075F1B6 /* 黑马微博.app */ = {isa = PBXFileReference; explicitFileType = wrapper.application; includeInIndex = 0; path = "黑马微博.app"; sourceTree = BUILT_PRODUCTS_DIR; };
		7D6265091AC664240075F1B6 /* Info.plist */ = {isa = PBXFileReference; lastKnownFileType = text.plist.xml; path = Info.plist; sourceTree = "<group>"; };
		7D6265151AC664250075F1B6 /* Images.xcassets */ = {isa = PBXFileReference; lastKnownFileType = folder.assetcatalog; path = Images.xcassets; sourceTree = "<group>"; };
		7D62651E1AC664250075F1B6 /* 黑马微博Tests.xctest */ = {isa = PBXFileReference; explicitFileType = wrapper.cfbundle; includeInIndex = 0; path = "黑马微博Tests.xctest"; sourceTree = BUILT_PRODUCTS_DIR; };
		7D6265231AC664250075F1B6 /* Info.plist */ = {isa = PBXFileReference; lastKnownFileType = text.plist.xml; path = Info.plist; sourceTree = "<group>"; };
		7D6265241AC664250075F1B6 /* ____Tests.m */ = {isa = PBXFileReference; lastKnownFileType = sourcecode.c.objc; path = "____Tests.m"; sourceTree = "<group>"; };
		7D672EB51AC77B90004B5B4C /* JHNavigationController.h */ = {isa = PBXFileReference; fileEncoding = 4; lastKnownFileType = sourcecode.c.h; path = JHNavigationController.h; sourceTree = "<group>"; };
		7D672EB61AC77B90004B5B4C /* JHNavigationController.m */ = {isa = PBXFileReference; fileEncoding = 4; lastKnownFileType = sourcecode.c.objc; path = JHNavigationController.m; sourceTree = "<group>"; };
		7D672EB81AC78608004B5B4C /* UIBarButtonItem+Extension.h */ = {isa = PBXFileReference; fileEncoding = 4; lastKnownFileType = sourcecode.c.h; path = "UIBarButtonItem+Extension.h"; sourceTree = "<group>"; };
		7D672EB91AC78608004B5B4C /* UIBarButtonItem+Extension.m */ = {isa = PBXFileReference; fileEncoding = 4; lastKnownFileType = sourcecode.c.objc; path = "UIBarButtonItem+Extension.m"; sourceTree = "<group>"; };
		7D672EBB1AC7871C004B5B4C /* UIView+Extension.h */ = {isa = PBXFileReference; fileEncoding = 4; lastKnownFileType = sourcecode.c.h; path = "UIView+Extension.h"; sourceTree = "<group>"; };
		7D672EBC1AC7871C004B5B4C /* UIView+Extension.m */ = {isa = PBXFileReference; fileEncoding = 4; lastKnownFileType = sourcecode.c.objc; path = "UIView+Extension.m"; sourceTree = "<group>"; };
		7DC4543C1AC68CE900ED9410 /* AppDelegate.h */ = {isa = PBXFileReference; fileEncoding = 4; lastKnownFileType = sourcecode.c.h; path = AppDelegate.h; sourceTree = "<group>"; };
		7DC4543D1AC68CE900ED9410 /* AppDelegate.m */ = {isa = PBXFileReference; fileEncoding = 4; lastKnownFileType = sourcecode.c.objc; path = AppDelegate.m; sourceTree = "<group>"; };
		7DC4543E1AC68CE900ED9410 /* main.m */ = {isa = PBXFileReference; fileEncoding = 4; lastKnownFileType = sourcecode.c.objc; path = main.m; sourceTree = "<group>"; };
		7DC4544E1AC68EF200ED9410 /* JHTabBarViewController.h */ = {isa = PBXFileReference; fileEncoding = 4; lastKnownFileType = sourcecode.c.h; path = JHTabBarViewController.h; sourceTree = "<group>"; };
		7DC4544F1AC68EF200ED9410 /* JHTabBarViewController.m */ = {isa = PBXFileReference; fileEncoding = 4; lastKnownFileType = sourcecode.c.objc; path = JHTabBarViewController.m; sourceTree = "<group>"; };
		7DC454511AC68F5F00ED9410 /* JHDiscoverViewController.h */ = {isa = PBXFileReference; fileEncoding = 4; lastKnownFileType = sourcecode.c.h; path = JHDiscoverViewController.h; sourceTree = "<group>"; };
		7DC454521AC68F5F00ED9410 /* JHDiscoverViewController.m */ = {isa = PBXFileReference; fileEncoding = 4; lastKnownFileType = sourcecode.c.objc; path = JHDiscoverViewController.m; sourceTree = "<group>"; };
		7DC454541AC68F8600ED9410 /* JHHomeViewController.h */ = {isa = PBXFileReference; fileEncoding = 4; lastKnownFileType = sourcecode.c.h; path = JHHomeViewController.h; sourceTree = "<group>"; };
		7DC454551AC68F8600ED9410 /* JHHomeViewController.m */ = {isa = PBXFileReference; fileEncoding = 4; lastKnownFileType = sourcecode.c.objc; path = JHHomeViewController.m; sourceTree = "<group>"; };
		7DC454571AC68FBE00ED9410 /* JHMessageViewController.h */ = {isa = PBXFileReference; fileEncoding = 4; lastKnownFileType = sourcecode.c.h; path = JHMessageViewController.h; sourceTree = "<group>"; };
		7DC454581AC68FBE00ED9410 /* JHMessageViewController.m */ = {isa = PBXFileReference; fileEncoding = 4; lastKnownFileType = sourcecode.c.objc; path = JHMessageViewController.m; sourceTree = "<group>"; };
		7DC4545A1AC68FDF00ED9410 /* JHProfileViewController.h */ = {isa = PBXFileReference; fileEncoding = 4; lastKnownFileType = sourcecode.c.h; path = JHProfileViewController.h; sourceTree = "<group>"; };
		7DC4545B1AC68FDF00ED9410 /* JHProfileViewController.m */ = {isa = PBXFileReference; fileEncoding = 4; lastKnownFileType = sourcecode.c.objc; path = JHProfileViewController.m; sourceTree = "<group>"; };
		7DC4545D1AC691F700ED9410 /* jinheng.pch */ = {isa = PBXFileReference; fileEncoding = 4; lastKnownFileType = sourcecode.c.h; path = jinheng.pch; sourceTree = "<group>"; };
		7DC454611AC69F7D00ED9410 /* UIImage+Extension.h */ = {isa = PBXFileReference; fileEncoding = 4; lastKnownFileType = sourcecode.c.h; path = "UIImage+Extension.h"; sourceTree = "<group>"; };
		7DC454621AC69F7D00ED9410 /* UIImage+Extension.m */ = {isa = PBXFileReference; fileEncoding = 4; lastKnownFileType = sourcecode.c.objc; path = "UIImage+Extension.m"; sourceTree = "<group>"; };
		7DC932D71AC913850025291B /* JHSearchBar.h */ = {isa = PBXFileReference; fileEncoding = 4; lastKnownFileType = sourcecode.c.h; path = JHSearchBar.h; sourceTree = "<group>"; };
		7DC932D81AC913850025291B /* JHSearchBar.m */ = {isa = PBXFileReference; fileEncoding = 4; lastKnownFileType = sourcecode.c.objc; path = JHSearchBar.m; sourceTree = "<group>"; };
/* End PBXFileReference section */

/* Begin PBXFrameworksBuildPhase section */
		7D6265021AC664240075F1B6 /* Frameworks */ = {
			isa = PBXFrameworksBuildPhase;
			buildActionMask = 2147483647;
			files = (
			);
			runOnlyForDeploymentPostprocessing = 0;
		};
		7D62651B1AC664250075F1B6 /* Frameworks */ = {
			isa = PBXFrameworksBuildPhase;
			buildActionMask = 2147483647;
			files = (
			);
			runOnlyForDeploymentPostprocessing = 0;
		};
/* End PBXFrameworksBuildPhase section */

/* Begin PBXGroup section */
		7D6264FC1AC664240075F1B6 = {
			isa = PBXGroup;
			children = (
				7D6265071AC664240075F1B6 /* 黑马微博 */,
				7D6265211AC664250075F1B6 /* 黑马微博Tests */,
				7D6265061AC664240075F1B6 /* Products */,
			);
			sourceTree = "<group>";
		};
		7D6265061AC664240075F1B6 /* Products */ = {
			isa = PBXGroup;
			children = (
				7D6265051AC664240075F1B6 /* 黑马微博.app */,
				7D62651E1AC664250075F1B6 /* 黑马微博Tests.xctest */,
			);
			name = Products;
			sourceTree = "<group>";
		};
		7D6265071AC664240075F1B6 /* 黑马微博 */ = {
			isa = PBXGroup;
			children = (
				7DC4542E1AC68CE900ED9410 /* Classes */,
				7D6265151AC664250075F1B6 /* Images.xcassets */,
				7D6265081AC664240075F1B6 /* Supporting Files */,
			);
			path = "黑马微博";
			sourceTree = "<group>";
		};
		7D6265081AC664240075F1B6 /* Supporting Files */ = {
			isa = PBXGroup;
			children = (
				7D6265091AC664240075F1B6 /* Info.plist */,
				7DC4545D1AC691F700ED9410 /* jinheng.pch */,
			);
			name = "Supporting Files";
			sourceTree = "<group>";
		};
		7D6265211AC664250075F1B6 /* 黑马微博Tests */ = {
			isa = PBXGroup;
			children = (
				7D6265241AC664250075F1B6 /* ____Tests.m */,
				7D6265221AC664250075F1B6 /* Supporting Files */,
			);
			path = "黑马微博Tests";
			sourceTree = "<group>";
		};
		7D6265221AC664250075F1B6 /* Supporting Files */ = {
			isa = PBXGroup;
			children = (
				7D6265231AC664250075F1B6 /* Info.plist */,
			);
			name = "Supporting Files";
			sourceTree = "<group>";
		};
		7DC4542E1AC68CE900ED9410 /* Classes */ = {
			isa = PBXGroup;
			children = (
				7DC4542F1AC68CE900ED9410 /* Discover(发现) */,
				7DC454331AC68CE900ED9410 /* Home(首页) */,
				7DC454371AC68CE900ED9410 /* Main(主要) */,
				7DC454401AC68CE900ED9410 /* Message(消息) */,
				7DC454441AC68CE900ED9410 /* Profile(我) */,
			);
			path = Classes;
			sourceTree = "<group>";
		};
		7DC4542F1AC68CE900ED9410 /* Discover(发现) */ = {
			isa = PBXGroup;
			children = (
				7DC454301AC68CE900ED9410 /* Controller */,
				7DC454311AC68CE900ED9410 /* Model */,
				7DC454321AC68CE900ED9410 /* View */,
			);
			path = "Discover(发现)";
			sourceTree = "<group>";
		};
		7DC454301AC68CE900ED9410 /* Controller */ = {
			isa = PBXGroup;
			children = (
				7DC454511AC68F5F00ED9410 /* JHDiscoverViewController.h */,
				7DC454521AC68F5F00ED9410 /* JHDiscoverViewController.m */,
			);
			path = Controller;
			sourceTree = "<group>";
		};
		7DC454311AC68CE900ED9410 /* Model */ = {
			isa = PBXGroup;
			children = (
			);
			path = Model;
			sourceTree = "<group>";
		};
		7DC454321AC68CE900ED9410 /* View */ = {
			isa = PBXGroup;
			children = (
				7DC932D71AC913850025291B /* JHSearchBar.h */,
				7DC932D81AC913850025291B /* JHSearchBar.m */,
			);
			path = View;
			sourceTree = "<group>";
		};
		7DC454331AC68CE900ED9410 /* Home(首页) */ = {
			isa = PBXGroup;
			children = (
				7DC454341AC68CE900ED9410 /* Controller */,
				7DC454351AC68CE900ED9410 /* Model */,
				7DC454361AC68CE900ED9410 /* View */,
			);
			path = "Home(首页)";
			sourceTree = "<group>";
		};
		7DC454341AC68CE900ED9410 /* Controller */ = {
			isa = PBXGroup;
			children = (
				7DC454541AC68F8600ED9410 /* JHHomeViewController.h */,
				7DC454551AC68F8600ED9410 /* JHHomeViewController.m */,
			);
			path = Controller;
			sourceTree = "<group>";
		};
		7DC454351AC68CE900ED9410 /* Model */ = {
			isa = PBXGroup;
			children = (
			);
			path = Model;
			sourceTree = "<group>";
		};
		7DC454361AC68CE900ED9410 /* View */ = {
			isa = PBXGroup;
			children = (
			);
			path = View;
			sourceTree = "<group>";
		};
		7DC454371AC68CE900ED9410 /* Main(主要) */ = {
			isa = PBXGroup;
			children = (
				7DC454381AC68CE900ED9410 /* Category */,
				7DC454391AC68CE900ED9410 /* Controller */,
				7DC4543A1AC68CE900ED9410 /* Model */,
				7DC4543B1AC68CE900ED9410 /* Other */,
				7DC4543F1AC68CE900ED9410 /* View */,
			);
			path = "Main(主要)";
			sourceTree = "<group>";
		};
		7DC454381AC68CE900ED9410 /* Category */ = {
			isa = PBXGroup;
			children = (
				7DC454611AC69F7D00ED9410 /* UIImage+Extension.h */,
				7DC454621AC69F7D00ED9410 /* UIImage+Extension.m */,
				7D672EB81AC78608004B5B4C /* UIBarButtonItem+Extension.h */,
				7D672EB91AC78608004B5B4C /* UIBarButtonItem+Extension.m */,
				7D672EBB1AC7871C004B5B4C /* UIView+Extension.h */,
				7D672EBC1AC7871C004B5B4C /* UIView+Extension.m */,
			);
			path = Category;
			sourceTree = "<group>";
		};
		7DC454391AC68CE900ED9410 /* Controller */ = {
			isa = PBXGroup;
			children = (
				7DC4544E1AC68EF200ED9410 /* JHTabBarViewController.h */,
				7DC4544F1AC68EF200ED9410 /* JHTabBarViewController.m */,
				7D672EB51AC77B90004B5B4C /* JHNavigationController.h */,
				7D672EB61AC77B90004B5B4C /* JHNavigationController.m */,
			);
			path = Controller;
			sourceTree = "<group>";
		};
		7DC4543A1AC68CE900ED9410 /* Model */ = {
			isa = PBXGroup;
			children = (
			);
			path = Model;
			sourceTree = "<group>";
		};
		7DC4543B1AC68CE900ED9410 /* Other */ = {
			isa = PBXGroup;
			children = (
				7DC4543C1AC68CE900ED9410 /* AppDelegate.h */,
				7DC4543D1AC68CE900ED9410 /* AppDelegate.m */,
				7DC4543E1AC68CE900ED9410 /* main.m */,
			);
			path = Other;
			sourceTree = "<group>";
		};
		7DC4543F1AC68CE900ED9410 /* View */ = {
			isa = PBXGroup;
			children = (
			);
			path = View;
			sourceTree = "<group>";
		};
		7DC454401AC68CE900ED9410 /* Message(消息) */ = {
			isa = PBXGroup;
			children = (
				7DC454411AC68CE900ED9410 /* Controller */,
				7DC454421AC68CE900ED9410 /* Model */,
				7DC454431AC68CE900ED9410 /* View */,
			);
			path = "Message(消息)";
			sourceTree = "<group>";
		};
		7DC454411AC68CE900ED9410 /* Controller */ = {
			isa = PBXGroup;
			children = (
				7DC454571AC68FBE00ED9410 /* JHMessageViewController.h */,
				7DC454581AC68FBE00ED9410 /* JHMessageViewController.m */,
			);
			path = Controller;
			sourceTree = "<group>";
		};
		7DC454421AC68CE900ED9410 /* Model */ = {
			isa = PBXGroup;
			children = (
			);
			path = Model;
			sourceTree = "<group>";
		};
		7DC454431AC68CE900ED9410 /* View */ = {
			isa = PBXGroup;
			children = (
			);
			path = View;
			sourceTree = "<group>";
		};
		7DC454441AC68CE900ED9410 /* Profile(我) */ = {
			isa = PBXGroup;
			children = (
				7DC4544D1AC68D5C00ED9410 /* Controller */,
				7DC454481AC68CE900ED9410 /* Model */,
				7DC454491AC68CE900ED9410 /* View */,
			);
			path = "Profile(我)";
			sourceTree = "<group>";
		};
		7DC454481AC68CE900ED9410 /* Model */ = {
			isa = PBXGroup;
			children = (
			);
			path = Model;
			sourceTree = "<group>";
		};
		7DC454491AC68CE900ED9410 /* View */ = {
			isa = PBXGroup;
			children = (
			);
			path = View;
			sourceTree = "<group>";
		};
		7DC4544D1AC68D5C00ED9410 /* Controller */ = {
			isa = PBXGroup;
			children = (
				7DC4545A1AC68FDF00ED9410 /* JHProfileViewController.h */,
				7DC4545B1AC68FDF00ED9410 /* JHProfileViewController.m */,
			);
			path = Controller;
			sourceTree = "<group>";
		};
/* End PBXGroup section */

/* Begin PBXNativeTarget section */
		7D6265041AC664240075F1B6 /* 黑马微博 */ = {
			isa = PBXNativeTarget;
			buildConfigurationList = 7D6265281AC664250075F1B6 /* Build configuration list for PBXNativeTarget "黑马微博" */;
			buildPhases = (
				7D6265011AC664240075F1B6 /* Sources */,
				7D6265021AC664240075F1B6 /* Frameworks */,
				7D6265031AC664240075F1B6 /* Resources */,
			);
			buildRules = (
			);
			dependencies = (
			);
			name = "黑马微博";
			productName = "黑马微博";
			productReference = 7D6265051AC664240075F1B6 /* 黑马微博.app */;
			productType = "com.apple.product-type.application";
		};
		7D62651D1AC664250075F1B6 /* 黑马微博Tests */ = {
			isa = PBXNativeTarget;
			buildConfigurationList = 7D62652B1AC664250075F1B6 /* Build configuration list for PBXNativeTarget "黑马微博Tests" */;
			buildPhases = (
				7D62651A1AC664250075F1B6 /* Sources */,
				7D62651B1AC664250075F1B6 /* Frameworks */,
				7D62651C1AC664250075F1B6 /* Resources */,
			);
			buildRules = (
			);
			dependencies = (
				7D6265201AC664250075F1B6 /* PBXTargetDependency */,
			);
			name = "黑马微博Tests";
			productName = "黑马微博Tests";
			productReference = 7D62651E1AC664250075F1B6 /* 黑马微博Tests.xctest */;
			productType = "com.apple.product-type.bundle.unit-test";
		};
/* End PBXNativeTarget section */

/* Begin PBXProject section */
		7D6264FD1AC664240075F1B6 /* Project object */ = {
			isa = PBXProject;
			attributes = {
				LastUpgradeCheck = 0620;
				ORGANIZATIONNAME = jinheng;
				TargetAttributes = {
					7D6265041AC664240075F1B6 = {
						CreatedOnToolsVersion = 6.2;
					};
					7D62651D1AC664250075F1B6 = {
						CreatedOnToolsVersion = 6.2;
						TestTargetID = 7D6265041AC664240075F1B6;
					};
				};
			};
			buildConfigurationList = 7D6265001AC664240075F1B6 /* Build configuration list for PBXProject "黑马微博" */;
			compatibilityVersion = "Xcode 3.2";
			developmentRegion = English;
			hasScannedForEncodings = 0;
			knownRegions = (
				en,
				Base,
			);
			mainGroup = 7D6264FC1AC664240075F1B6;
			productRefGroup = 7D6265061AC664240075F1B6 /* Products */;
			projectDirPath = "";
			projectRoot = "";
			targets = (
				7D6265041AC664240075F1B6 /* 黑马微博 */,
				7D62651D1AC664250075F1B6 /* 黑马微博Tests */,
			);
		};
/* End PBXProject section */

/* Begin PBXResourcesBuildPhase section */
		7D6265031AC664240075F1B6 /* Resources */ = {
			isa = PBXResourcesBuildPhase;
			buildActionMask = 2147483647;
			files = (
				7D6265161AC664250075F1B6 /* Images.xcassets in Resources */,
			);
			runOnlyForDeploymentPostprocessing = 0;
		};
		7D62651C1AC664250075F1B6 /* Resources */ = {
			isa = PBXResourcesBuildPhase;
			buildActionMask = 2147483647;
			files = (
			);
			runOnlyForDeploymentPostprocessing = 0;
		};
/* End PBXResourcesBuildPhase section */

/* Begin PBXSourcesBuildPhase section */
		7D6265011AC664240075F1B6 /* Sources */ = {
			isa = PBXSourcesBuildPhase;
			buildActionMask = 2147483647;
			files = (
				7DC454561AC68F8600ED9410 /* JHHomeViewController.m in Sources */,
				7DC454501AC68EF200ED9410 /* JHTabBarViewController.m in Sources */,
				7D672EBD1AC7871C004B5B4C /* UIView+Extension.m in Sources */,
				7DC454531AC68F5F00ED9410 /* JHDiscoverViewController.m in Sources */,
				7DC932D91AC913850025291B /* JHSearchBar.m in Sources */,
				7DC454591AC68FBE00ED9410 /* JHMessageViewController.m in Sources */,
				7D672EBA1AC78608004B5B4C /* UIBarButtonItem+Extension.m in Sources */,
				7DC4545C1AC68FDF00ED9410 /* JHProfileViewController.m in Sources */,
				7DC454631AC69F7D00ED9410 /* UIImage+Extension.m in Sources */,
				7DC4544B1AC68CE900ED9410 /* main.m in Sources */,
				7D672EB71AC77B90004B5B4C /* JHNavigationController.m in Sources */,
				7DC4544A1AC68CE900ED9410 /* AppDelegate.m in Sources */,
			);
			runOnlyForDeploymentPostprocessing = 0;
		};
		7D62651A1AC664250075F1B6 /* Sources */ = {
			isa = PBXSourcesBuildPhase;
			buildActionMask = 2147483647;
			files = (
				7D6265251AC664250075F1B6 /* ____Tests.m in Sources */,
			);
			runOnlyForDeploymentPostprocessing = 0;
		};
/* End PBXSourcesBuildPhase section */

/* Begin PBXTargetDependency section */
		7D6265201AC664250075F1B6 /* PBXTargetDependency */ = {
			isa = PBXTargetDependency;
			target = 7D6265041AC664240075F1B6 /* 黑马微博 */;
			targetProxy = 7D62651F1AC664250075F1B6 /* PBXContainerItemProxy */;
		};
/* End PBXTargetDependency section */

/* Begin XCBuildConfiguration section */
		7D6265261AC664250075F1B6 /* Debug */ = {
			isa = XCBuildConfiguration;
			buildSettings = {
				ALWAYS_SEARCH_USER_PATHS = NO;
				CLANG_CXX_LANGUAGE_STANDARD = "gnu++0x";
				CLANG_CXX_LIBRARY = "libc++";
				CLANG_ENABLE_MODULES = YES;
				CLANG_ENABLE_OBJC_ARC = YES;
				CLANG_WARN_BOOL_CONVERSION = YES;
				CLANG_WARN_CONSTANT_CONVERSION = YES;
				CLANG_WARN_DIRECT_OBJC_ISA_USAGE = YES_ERROR;
				CLANG_WARN_EMPTY_BODY = YES;
				CLANG_WARN_ENUM_CONVERSION = YES;
				CLANG_WARN_INT_CONVERSION = YES;
				CLANG_WARN_OBJC_ROOT_CLASS = YES_ERROR;
				CLANG_WARN_UNREACHABLE_CODE = YES;
				CLANG_WARN__DUPLICATE_METHOD_MATCH = YES;
				"CODE_SIGN_IDENTITY[sdk=iphoneos*]" = "iPhone Developer";
				COPY_PHASE_STRIP = NO;
				ENABLE_STRICT_OBJC_MSGSEND = YES;
				GCC_C_LANGUAGE_STANDARD = gnu99;
				GCC_DYNAMIC_NO_PIC = NO;
				GCC_OPTIMIZATION_LEVEL = 0;
				GCC_PREPROCESSOR_DEFINITIONS = (
					"DEBUG=1",
					"$(inherited)",
				);
				GCC_SYMBOLS_PRIVATE_EXTERN = NO;
				GCC_WARN_64_TO_32_BIT_CONVERSION = YES;
				GCC_WARN_ABOUT_RETURN_TYPE = YES_ERROR;
				GCC_WARN_UNDECLARED_SELECTOR = YES;
				GCC_WARN_UNINITIALIZED_AUTOS = YES_AGGRESSIVE;
				GCC_WARN_UNUSED_FUNCTION = YES;
				GCC_WARN_UNUSED_VARIABLE = YES;
				IPHONEOS_DEPLOYMENT_TARGET = 8.2;
				MTL_ENABLE_DEBUG_INFO = YES;
				ONLY_ACTIVE_ARCH = YES;
				SDKROOT = iphoneos;
			};
			name = Debug;
		};
		7D6265271AC664250075F1B6 /* Release */ = {
			isa = XCBuildConfiguration;
			buildSettings = {
				ALWAYS_SEARCH_USER_PATHS = NO;
				CLANG_CXX_LANGUAGE_STANDARD = "gnu++0x";
				CLANG_CXX_LIBRARY = "libc++";
				CLANG_ENABLE_MODULES = YES;
				CLANG_ENABLE_OBJC_ARC = YES;
				CLANG_WARN_BOOL_CONVERSION = YES;
				CLANG_WARN_CONSTANT_CONVERSION = YES;
				CLANG_WARN_DIRECT_OBJC_ISA_USAGE = YES_ERROR;
				CLANG_WARN_EMPTY_BODY = YES;
				CLANG_WARN_ENUM_CONVERSION = YES;
				CLANG_WARN_INT_CONVERSION = YES;
				CLANG_WARN_OBJC_ROOT_CLASS = YES_ERROR;
				CLANG_WARN_UNREACHABLE_CODE = YES;
				CLANG_WARN__DUPLICATE_METHOD_MATCH = YES;
				"CODE_SIGN_IDENTITY[sdk=iphoneos*]" = "iPhone Developer";
				COPY_PHASE_STRIP = NO;
				ENABLE_NS_ASSERTIONS = NO;
				ENABLE_STRICT_OBJC_MSGSEND = YES;
				GCC_C_LANGUAGE_STANDARD = gnu99;
				GCC_WARN_64_TO_32_BIT_CONVERSION = YES;
				GCC_WARN_ABOUT_RETURN_TYPE = YES_ERROR;
				GCC_WARN_UNDECLARED_SELECTOR = YES;
				GCC_WARN_UNINITIALIZED_AUTOS = YES_AGGRESSIVE;
				GCC_WARN_UNUSED_FUNCTION = YES;
				GCC_WARN_UNUSED_VARIABLE = YES;
				IPHONEOS_DEPLOYMENT_TARGET = 8.2;
				MTL_ENABLE_DEBUG_INFO = NO;
				SDKROOT = iphoneos;
				VALIDATE_PRODUCT = YES;
			};
			name = Release;
		};
		7D6265291AC664250075F1B6 /* Debug */ = {
			isa = XCBuildConfiguration;
			buildSettings = {
				ASSETCATALOG_COMPILER_APPICON_NAME = AppIcon;
				ASSETCATALOG_COMPILER_LAUNCHIMAGE_NAME = LaunchImage;
				GCC_PRECOMPILE_PREFIX_HEADER = YES;
				GCC_PREFIX_HEADER = "$(SRCROOT)/黑马微博/jinheng.pch";
				INFOPLIST_FILE = "黑马微博/Info.plist";
				IPHONEOS_DEPLOYMENT_TARGET = 8.2;
				LD_RUNPATH_SEARCH_PATHS = "$(inherited) @executable_path/Frameworks";
				PRODUCT_NAME = "$(TARGET_NAME)";
			};
			name = Debug;
		};
		7D62652A1AC664250075F1B6 /* Release */ = {
			isa = XCBuildConfiguration;
			buildSettings = {
				ASSETCATALOG_COMPILER_APPICON_NAME = AppIcon;
				ASSETCATALOG_COMPILER_LAUNCHIMAGE_NAME = LaunchImage;
				GCC_PRECOMPILE_PREFIX_HEADER = YES;
				GCC_PREFIX_HEADER = "$(SRCROOT)/黑马微博/jinheng.pch";
				INFOPLIST_FILE = "黑马微博/Info.plist";
				IPHONEOS_DEPLOYMENT_TARGET = 8.2;
				LD_RUNPATH_SEARCH_PATHS = "$(inherited) @executable_path/Frameworks";
				PRODUCT_NAME = "$(TARGET_NAME)";
			};
			name = Release;
		};
		7D62652C1AC664250075F1B6 /* Debug */ = {
			isa = XCBuildConfiguration;
			buildSettings = {
				BUNDLE_LOADER = "$(TEST_HOST)";
				FRAMEWORK_SEARCH_PATHS = (
					"$(SDKROOT)/Developer/Library/Frameworks",
					"$(inherited)",
				);
				GCC_PREPROCESSOR_DEFINITIONS = (
					"DEBUG=1",
					"$(inherited)",
				);
				INFOPLIST_FILE = "黑马微博Tests/Info.plist";
				LD_RUNPATH_SEARCH_PATHS = "$(inherited) @executable_path/Frameworks @loader_path/Frameworks";
				PRODUCT_NAME = "$(TARGET_NAME)";
				TEST_HOST = "$(BUILT_PRODUCTS_DIR)/黑马微博.app/黑马微博";
			};
			name = Debug;
		};
		7D62652D1AC664250075F1B6 /* Release */ = {
			isa = XCBuildConfiguration;
			buildSettings = {
				BUNDLE_LOADER = "$(TEST_HOST)";
				FRAMEWORK_SEARCH_PATHS = (
					"$(SDKROOT)/Developer/Library/Frameworks",
					"$(inherited)",
				);
				INFOPLIST_FILE = "黑马微博Tests/Info.plist";
				LD_RUNPATH_SEARCH_PATHS = "$(inherited) @executable_path/Frameworks @loader_path/Frameworks";
				PRODUCT_NAME = "$(TARGET_NAME)";
				TEST_HOST = "$(BUILT_PRODUCTS_DIR)/黑马微博.app/黑马微博";
			};
			name = Release;
		};
/* End XCBuildConfiguration section */

/* Begin XCConfigurationList section */
		7D6265001AC664240075F1B6 /* Build configuration list for PBXProject "黑马微博" */ = {
			isa = XCConfigurationList;
			buildConfigurations = (
				7D6265261AC664250075F1B6 /* Debug */,
				7D6265271AC664250075F1B6 /* Release */,
			);
			defaultConfigurationIsVisible = 0;
			defaultConfigurationName = Release;
		};
		7D6265281AC664250075F1B6 /* Build configuration list for PBXNativeTarget "黑马微博" */ = {
			isa = XCConfigurationList;
			buildConfigurations = (
				7D6265291AC664250075F1B6 /* Debug */,
				7D62652A1AC664250075F1B6 /* Release */,
			);
			defaultConfigurationIsVisible = 0;
			defaultConfigurationName = Release;
		};
		7D62652B1AC664250075F1B6 /* Build configuration list for PBXNativeTarget "黑马微博Tests" */ = {
			isa = XCConfigurationList;
			buildConfigurations = (
				7D62652C1AC664250075F1B6 /* Debug */,
				7D62652D1AC664250075F1B6 /* Release */,
			);
			defaultConfigurationIsVisible = 0;
			defaultConfigurationName = Release;
		};
/* End XCConfigurationList section */
	};
	rootObject = 7D6264FD1AC664240075F1B6 /* Project object */;
}
